hash: 6cffe8b60e9e8f7c580a571795378fe06658635046c20eb2a91f09bd9c0b0ccd
updated: 2017-06-19T15:12:13.570548656+01:00
imports:
- name: github.com/compose/gocomposeapi
  version: db0ea99fc1b191b83881465bb6480384352092bd
- name: github.com/fsnotify/fsnotify
  version: 4da3e2cfbabc9f751898f250b49f2439785783a1
- name: github.com/hashicorp/hcl
  version: 392dba7d905ed5d04a5794ba89f558b27e2ba1ca
  subpackages:
  - hcl/ast
  - hcl/parser
  - hcl/scanner
  - hcl/strconv
  - hcl/token
  - json/parser
  - json/scanner
  - json/token
- name: github.com/inconshreveable/mousetrap
  version: 76626ae9c91c4f2a10f34cad8ce83ea42c93bb75
- name: github.com/magiconair/properties
  version: 51463bfca2576e06c62a8504b5c0f06d61312647
- name: github.com/mitchellh/mapstructure
  version: d0303fe809921458f417bcf828397a65db30a7e4
- name: github.com/moul/http2curl
  version: 4e24498b31dba4683efb9d35c1c8a91e2eda28c8
- name: github.com/parnurzeal/gorequest
  version: a578a48e8d6ca8b01a3b18314c43c6716bb5f5a3
- name: github.com/pelletier/go-buffruneio
  version: c37440a7cf42ac63b919c752ca73a85067e05992
- name: github.com/pelletier/go-toml
  version: fe7536c3dee2596cdd23ee9976a17c22bdaae286
- name: github.com/pkg/errors
  version: c605e284fe17294bda444b34710735b29d1a9d90
- name: github.com/spf13/afero
  version: 9be650865eab0c12963d8753212f4f9c66cdcf12
  subpackages:
  - mem
- name: github.com/spf13/cast
  version: acbeb36b902d72a7a4c18e8f3241075e7ab763e4
- name: github.com/spf13/cobra
  version: b4dbd37a01839e0653eec12aa4bbb2a2ce7b2a37
- name: github.com/spf13/jwalterweatherman
  version: 0efa5202c04663c757d84f90f5219c1250baf94f
- name: github.com/spf13/pflag
  version: e57e3eeb33f795204c1ca35f56c44f83227c6e66
- name: github.com/spf13/viper
  version: c1de95864d73a5465492829d7cb2dd422b19ac96
- name: golang.org/x/net
  version: 973f3f3bbd50e92b13faa6c53ec16f49b45e851c
  subpackages:
  - publicsuffix
- name: golang.org/x/sys
  version: fb4cac33e3196ff7f507ab9b2d2a44b0142f5b5a
  subpackages:
  - unix
- name: golang.org/x/text
  version: 9e2f80a6ba7ed4ba13e0cd4b1f094bf916875735
  subpackages:
  - transform
  - unicode/norm
- name: gopkg.in/yaml.v2
  version: cd8b52f8269e0feb286dfeef29f8fe4d5b397e0b
testImports: []
